
Microsoft Visual Studio Solution File, Format Version 10.00
# Visual Studio 2008
Project("{FAE04EC0-301F-11D3-BF4B-00C04F79EFBC}") = "Analytics", "Analytics\Analytics.csproj", "{180DE949-9685-4BB4-8FDF-63C773F8FF56}"
EndProject
Global
	GlobalSection(SolutionConfigurationPlatforms) = preSolution
		Debug|Any CPU = Debug|Any CPU
		Release|Any CPU = Release|Any CPU
	EndGlobalSection
	GlobalSection(ProjectConfigurationPlatforms) = postSolution
		{180DE949-9685-4BB4-8FDF-63C773F8FF56}.Debug|Any CPU.ActiveCfg = Debug|Any CPU
		{180DE949-9685-4BB4-8FDF-63C773F8FF56}.Debug|Any CPU.Build.0 = Debug|Any CPU
		{180DE949-9685-4BB4-8FDF-63C773F8FF56}.Release|Any CPU.ActiveCfg = Release|Any CPU
		{180DE949-9685-4BB4-8FDF-63C773F8FF56}.Release|Any CPU.Build.0 = Release|Any CPU
	EndGlobalSection
	GlobalSection(SolutionProperties) = preSolution
		HideSolutionNode = FALSE
	EndGlobalSection
EndGlobal
